// !$*UTF8*$!
{
	archiveVersion = 1;
	classes = {
	};
	objectVersion = 50;
	objects = {

/* Begin PBXBuildFile section */
		53F142D1234830C200EB2971 /* AppDelegate.swift in Sources */ = {isa = PBXBuildFile; fileRef = 53F142D0234830C200EB2971 /* AppDelegate.swift */; };
		53F142D3234830C200EB2971 /* SceneDelegate.swift in Sources */ = {isa = PBXBuildFile; fileRef = 53F142D2234830C200EB2971 /* SceneDelegate.swift */; };
		53F142D5234830C200EB2971 /* ViewController.swift in Sources */ = {isa = PBXBuildFile; fileRef = 53F142D4234830C200EB2971 /* ViewController.swift */; };
		53F142D8234830C200EB2971 /* Main.storyboard in Resources */ = {isa = PBXBuildFile; fileRef = 53F142D6234830C200EB2971 /* Main.storyboard */; };
		53F142DA234830C300EB2971 /* Assets.xcassets in Resources */ = {isa = PBXBuildFile; fileRef = 53F142D9234830C300EB2971 /* Assets.xcassets */; };
		53F142DD234830C300EB2971 /* LaunchScreen.storyboard in Resources */ = {isa = PBXBuildFile; fileRef = 53F142DB234830C300EB2971 /* LaunchScreen.storyboard */; };
/* End PBXBuildFile section */

/* Begin PBXFileReference section */
		53F142CD234830C200EB2971 /* Cafe Blog.app */ = {isa = PBXFileReference; explicitFileType = wrapper.application; includeInIndex = 0; path = "Cafe Blog.app"; sourceTree = BUILT_PRODUCTS_DIR; };
		53F142D0234830C200EB2971 /* AppDelegate.swift */ = {isa = PBXFileReference; lastKnownFileType = sourcecode.swift; path = AppDelegate.swift; sourceTree = "<group>"; };
		53F142D2234830C200EB2971 /* SceneDelegate.swift */ = {isa = PBXFileReference; lastKnownFileType = sourcecode.swift; path = SceneDelegate.swift; sourceTree = "<group>"; };
		53F142D4234830C200EB2971 /* ViewController.swift */ = {isa = PBXFileReference; lastKnownFileType = sourcecode.swift; path = ViewController.swift; sourceTree = "<group>"; };
		53F142D7234830C200EB2971 /* Base */ = {isa = PBXFileReference; lastKnownFileType = file.storyboard; name = Base; path = Base.lproj/Main.storyboard; sourceTree = "<group>"; };
		53F142D9234830C300EB2971 /* Assets.xcassets */ = {isa = PBXFileReference; lastKnownFileType = folder.assetcatalog; path = Assets.xcassets; sourceTree = "<group>"; };
		53F142DC234830C300EB2971 /* Base */ = {isa = PBXFileReference; lastKnownFileType = file.storyboard; name = Base; path = Base.lproj/LaunchScreen.storyboard; sourceTree = "<group>"; };
		53F142DE234830C300EB2971 /* Info.plist */ = {isa = PBXFileReference; lastKnownFileType = text.plist.xml; path = Info.plist; sourceTree = "<group>"; };
/* End PBXFileReference section */

/* Begin PBXFrameworksBuildPhase section */
		53F142CA234830C200EB2971 /* Frameworks */ = {
			isa = PBXFrameworksBuildPhase;
			buildActionMask = 2147483647;
			files = (
			);
			runOnlyForDeploymentPostprocessing = 0;
		};
/* End PBXFrameworksBuildPhase section */

/* Begin PBXGroup section */
		53F142C4234830C200EB2971 = {
			isa = PBXGroup;
			children = (
				53F142CF234830C200EB2971 /* Cafe Blog */,
				53F142CE234830C200EB2971 /* Products */,
			);
			sourceTree = "<group>";
		};
		53F142CE234830C200EB2971 /* Products */ = {
			isa = PBXGroup;
			children = (
				53F142CD234830C200EB2971 /* Cafe Blog.app */,
			);
			name = Products;
			sourceTree = "<group>";
		};
		53F142CF234830C200EB2971 /* Cafe Blog */ = {
			isa = PBXGroup;
			children = (
				53F142D0234830C200EB2971 /* AppDelegate.swift */,
				53F142D2234830C200EB2971 /* SceneDelegate.swift */,
				53F142D4234830C200EB2971 /* ViewController.swift */,
				53F142D6234830C200EB2971 /* Main.storyboard */,
				53F142D9234830C300EB2971 /* Assets.xcassets */,
				53F142DB234830C300EB2971 /* LaunchScreen.storyboard */,
				53F142DE234830C300EB2971 /* Info.plist */,
			);
			path = "Cafe Blog";
			sourceTree = "<group>";
		};
/* End PBXGroup section */

/* Begin PBXNativeTarget section */
		53F142CC234830C200EB2971 /* Cafe Blog */ = {
			isa = PBXNativeTarget;
			buildConfigurationList = 53F142E1234830C300EB2971 /* Build configuration list for PBXNativeTarget "Cafe Blog" */;
			buildPhases = (
				53F142C9234830C200EB2971 /* Sources */,
				53F142CA234830C200EB2971 /* Frameworks */,
				53F142CB234830C200EB2971 /* Resources */,
			);
			buildRules = (
			);
			dependencies = (
			);
			name = "Cafe Blog";
			productName = "Cafe Blog";
			productReference = 53F142CD234830C200EB2971 /* Cafe Blog.app */;
			productType = "com.apple.product-type.application";
		};
/* End PBXNativeTarget section */

/* Begin PBXProject section */
		53F142C5234830C200EB2971 /* Project object */ = {
			isa = PBXProject;
			attributes = {
				LastSwiftUpdateCheck = 1100;
				LastUpgradeCheck = 1100;
				ORGANIZATIONNAME = Akarin;
				TargetAttributes = {
					53F142CC234830C200EB2971 = {
						CreatedOnToolsVersion = 11.0;
					};
				};
			};
			buildConfigurationList = 53F142C8234830C200EB2971 /* Build configuration list for PBXProject "Cafe Blog" */;
			compatibilityVersion = "Xcode 9.3";
			developmentRegion = en;
			hasScannedForEncodings = 0;
			knownRegions = (
				en,
				Base,
			);
			mainGroup = 53F142C4234830C200EB2971;
			productRefGroup = 53F142CE234830C200EB2971 /* Products */;
			projectDirPath = "";
			projectRoot = "";
			targets = (
				53F142CC234830C200EB2971 /* Cafe Blog */,
			);
		};
/* End PBXProject section */

/* Begin PBXResourcesBuildPhase section */
		53F142CB234830C200EB2971 /* Resources */ = {
			isa = PBXResourcesBuildPhase;
			buildActionMask = 2147483647;
			files = (
				53F142DD234830C300EB2971 /* LaunchScreen.storyboard in Resources */,
				53F142DA234830C300EB2971 /* Assets.xcassets in Resources */,
				53F142D8234830C200EB2971 /* Main.storyboard in Resources */,
			);
			runOnlyForDeploymentPostprocessing = 0;
		};
/* End PBXResourcesBuildPhase section */

/* Begin PBXSourcesBuildPhase section */
		53F142C9234830C200EB2971 /* Sources */ = {
			isa = PBXSourcesBuildPhase;
			buildActionMask = 2147483647;
			files = (
				53F142D5234830C200EB2971 /* ViewController.swift in Sources */,
				53F142D1234830C200EB2971 /* AppDelegate.swift in Sources */,
				53F142D3234830C200EB2971 /* SceneDelegate.swift in Sources */,
			);
			runOnlyForDeploymentPostprocessing = 0;
		};
/* End PBXSourcesBuildPhase section */

/* Begin PBXVariantGroup section */
		53F142D6234830C200EB2971 /* Main.storyboard */ = {
			isa = PBXVariantGroup;
			children = (
				53F142D7234830C200EB2971 /* Base */,
			);
			name = Main.storyboard;
			sourceTree = "<group>";
		};
		53F142DB234830C300EB2971 /* LaunchScreen.storyboard */ = {
			isa = PBXVariantGroup;
			children = (
				53F142DC234830C300EB2971 /* Base */,
			);
			name = LaunchScreen.storyboard;
			sourceTree = "<group>";
		};
/* End PBXVariantGroup section */

/* Begin XCBuildConfiguration section */
		53F142DF234830C300EB2971 /* Debug */ = {
			isa = XCBuildConfiguration;
			buildSettings = {
				ALWAYS_SEARCH_USER_PATHS = NO;
				CLANG_ANALYZER_NONNULL = YES;
				CLANG_ANALYZER_NUMBER_OBJECT_CONVERSION = YES_AGGRESSIVE;
				CLANG_CXX_LANGUAGE_STANDARD = "gnu++14";
				CLANG_CXX_LIBRARY = "libc++";
				CLANG_ENABLE_MODULES = YES;
				CLANG_ENABLE_OBJC_ARC = YES;
				CLANG_ENABLE_OBJC_WEAK = YES;
				CLANG_WARN_BLOCK_CAPTURE_AUTORELEASING = YES;
				CLANG_WARN_BOOL_CONVERSION = YES;
				CLANG_WARN_COMMA = YES;
				CLANG_WARN_CONSTANT_CONVERSION = YES;
				CLANG_WARN_DEPRECATED_OBJC_IMPLEMENTATIONS = YES;
				CLANG_WARN_DIRECT_OBJC_ISA_USAGE = YES_ERROR;
				CLANG_WARN_DOCUMENTATION_COMMENTS = YES;
				CLANG_WARN_EMPTY_BODY = YES;
				CLANG_WARN_ENUM_CONVERSION = YES;
				CLANG_WARN_INFINITE_RECURSION = YES;
				CLANG_WARN_INT_CONVERSION = YES;
				CLANG_WARN_NON_LITERAL_NULL_CONVERSION = YES;
				CLANG_WARN_OBJC_IMPLICIT_RETAIN_SELF = YES;
				CLANG_WARN_OBJC_LITERAL_CONVERSION = YES;
				CLANG_WARN_OBJC_ROOT_CLASS = YES_ERROR;
				CLANG_WARN_RANGE_LOOP_ANALYSIS = YES;
				CLANG_WARN_STRICT_PROTOTYPES = YES;
				CLANG_WARN_SUSPICIOUS_MOVE = YES;
				CLANG_WARN_UNGUARDED_AVAILABILITY = YES_AGGRESSIVE;
				CLANG_WARN_UNREACHABLE_CODE = YES;
				CLANG_WARN__DUPLICATE_METHOD_MATCH = YES;
				COPY_PHASE_STRIP = NO;
				DEBUG_INFORMATION_FORMAT = dwarf;
				ENABLE_STRICT_OBJC_MSGSEND = YES;
				ENABLE_TESTABILITY = YES;
				GCC_C_LANGUAGE_STANDARD = gnu11;
				GCC_DYNAMIC_NO_PIC = NO;
				GCC_NO_COMMON_BLOCKS = YES;
				GCC_OPTIMIZATION_LEVEL = 0;
				GCC_PREPROCESSOR_DEFINITIONS = (
					"DEBUG=1",
					"$(inherited)",
				);
				GCC_WARN_64_TO_32_BIT_CONVERSION = YES;
				GCC_WARN_ABOUT_RETURN_TYPE = YES_ERROR;
				GCC_WARN_UNDECLARED_SELECTOR = YES;
				GCC_WARN_UNINITIALIZED_AUTOS = YES_AGGRESSIVE;
				GCC_WARN_UNUSED_FUNCTION = YES;
				GCC_WARN_UNUSED_VARIABLE = YES;
				IPHONEOS_DEPLOYMENT_TARGET = 13.0;
				MTL_ENABLE_DEBUG_INFO = INCLUDE_SOURCE;
				MTL_FAST_MATH = YES;
				ONLY_ACTIVE_ARCH = YES;
				SDKROOT = iphoneos;
				SWIFT_ACTIVE_COMPILATION_CONDITIONS = DEBUG;
				SWIFT_OPTIMIZATION_LEVEL = "-Onone";
			};
			name = Debug;
		};
		53F142E0234830C300EB2971 /* Release */ = {
			isa = XCBuildConfiguration;
			buildSettings = {
				ALWAYS_SEARCH_USER_PATHS = NO;
				CLANG_ANALYZER_NONNULL = YES;
				CLANG_ANALYZER_NUMBER_OBJECT_CONVERSION = YES_AGGRESSIVE;
				CLANG_CXX_LANGUAGE_STANDARD = "gnu++14";
				CLANG_CXX_LIBRARY = "libc++";
				CLANG_ENABLE_MODULES = YES;
				CLANG_ENABLE_OBJC_ARC = YES;
				CLANG_ENABLE_OBJC_WEAK = YES;
				CLANG_WARN_BLOCK_CAPTURE_AUTORELEASING = YES;
				CLANG_WARN_BOOL_CONVERSION = YES;
				CLANG_WARN_COMMA = YES;
				CLANG_WARN_CONSTANT_CONVERSION = YES;
				CLANG_WARN_DEPRECATED_OBJC_IMPLEMENTATIONS = YES;
				CLANG_WARN_DIRECT_OBJC_ISA_USAGE = YES_ERROR;
				CLANG_WARN_DOCUMENTATION_COMMENTS = YES;
				CLANG_WARN_EMPTY_BODY = YES;
				CLANG_WARN_ENUM_CONVERSION = YES;
				CLANG_WARN_INFINITE_RECURSION = YES;
				CLANG_WARN_INT_CONVERSION = YES;
				CLANG_WARN_NON_LITERAL_NULL_CONVERSION = YES;
				CLANG_WARN_OBJC_IMPLICIT_RETAIN_SELF = YES;
				CLANG_WARN_OBJC_LITERAL_CONVERSION = YES;
				CLANG_WARN_OBJC_ROOT_CLASS = YES_ERROR;
				CLANG_WARN_RANGE_LOOP_ANALYSIS = YES;
				CLANG_WARN_STRICT_PROTOTYPES = YES;
				CLANG_WARN_SUSPICIOUS_MOVE = YES;
				CLANG_WARN_UNGUARDED_AVAILABILITY = YES_AGGRESSIVE;
				CLANG_WARN_UNREACHABLE_CODE = YES;
				CLANG_WARN__DUPLICATE_METHOD_MATCH = YES;
				COPY_PHASE_STRIP = NO;
				DEBUG_INFORMATION_FORMAT = "dwarf-with-dsym";
				ENABLE_NS_ASSERTIONS = NO;
				ENABLE_STRICT_OBJC_MSGSEND = YES;
				GCC_C_LANGUAGE_STANDARD = gnu11;
				GCC_NO_COMMON_BLOCKS = YES;
				GCC_WARN_64_TO_32_BIT_CONVERSION = YES;
				GCC_WARN_ABOUT_RETURN_TYPE = YES_ERROR;
				GCC_WARN_UNDECLARED_SELECTOR = YES;
				GCC_WARN_UNINITIALIZED_AUTOS = YES_AGGRESSIVE;
				GCC_WARN_UNUSED_FUNCTION = YES;
				GCC_WARN_UNUSED_VARIABLE = YES;
				IPHONEOS_DEPLOYMENT_TARGET = 13.0;
				MTL_ENABLE_DEBUG_INFO = NO;
				MTL_FAST_MATH = YES;
				SDKROOT = iphoneos;
				SWIFT_COMPILATION_MODE = wholemodule;
				SWIFT_OPTIMIZATION_LEVEL = "-O";
				VALIDATE_PRODUCT = YES;
			};
			name = Release;
		};
		53F142E2234830C300EB2971 /* Debug */ = {
			isa = XCBuildConfiguration;
			buildSettings = {
				ASSETCATALOG_COMPILER_APPICON_NAME = AppIcon;
				CODE_SIGN_STYLE = Automatic;
				DEVELOPMENT_TEAM = R9RY4AD97U;
				INFOPLIST_FILE = "Cafe Blog/Info.plist";
				LD_RUNPATH_SEARCH_PATHS = (
					"$(inherited)",
					"@executable_path/Frameworks",
				);
				PRODUCT_BUNDLE_IDENTIFIER = "com.gmail.karinto0712.Cafe-Blog";
				PRODUCT_NAME = "$(TARGET_NAME)";
				SWIFT_VERSION = 5.0;
				TARGETED_DEVICE_FAMILY = "1,2";
			};
			name = Debug;
		};
		53F142E3234830C300EB2971 /* Release */ = {
			isa = XCBuildConfiguration;
			buildSettings = {
				ASSETCATALOG_COMPILER_APPICON_NAME = AppIcon;
				CODE_SIGN_STYLE = Automatic;
				DEVELOPMENT_TEAM = R9RY4AD97U;
				INFOPLIST_FILE = "Cafe Blog/Info.plist";
				LD_RUNPATH_SEARCH_PATHS = (
					"$(inherited)",
					"@executable_path/Frameworks",
				);
				PRODUCT_BUNDLE_IDENTIFIER = "com.gmail.karinto0712.Cafe-Blog";
				PRODUCT_NAME = "$(TARGET_NAME)";
				SWIFT_VERSION = 5.0;
				TARGETED_DEVICE_FAMILY = "1,2";
			};
			name = Release;
		};
/* End XCBuildConfiguration section */

/* Begin XCConfigurationList section */
		53F142C8234830C200EB2971 /* Build configuration list for PBXProject "Cafe Blog" */ = {
			isa = XCConfigurationList;
			buildConfigurations = (
				53F142DF234830C300EB2971 /* Debug */,
				53F142E0234830C300EB2971 /* Release */,
			);
			defaultConfigurationIsVisible = 0;
			defaultConfigurationName = Release;
		};
		53F142E1234830C300EB2971 /* Build configuration list for PBXNativeTarget "Cafe Blog" */ = {
			isa = XCConfigurationList;
			buildConfigurations = (
				53F142E2234830C300EB2971 /* Debug */,
				53F142E3234830C300EB2971 /* Release */,
			);
			defaultConfigurationIsVisible = 0;
			defaultConfigurationName = Release;
		};
/* End XCConfigurationList section */
	};
	rootObject = 53F142C5234830C200EB2971 /* Project object */;
}
